
Microsoft Visual Studio Solution File, Format Version 12.00
# Visual Studio Version 17
VisualStudioVersion = 17.9.34723.18
MinimumVisualStudioVersion = 10.0.40219.1
Project("{8BC9CEB8-8B4A-11D0-8D11-00A0C91BC942}") = "Teamwork", "Teamwork\Teamwork.vcxproj", "{9CBB68A5-54BE-4C4F-A582-185FDD22F2AE}"
EndProject
Project("{8BC9CEB8-8B4A-11D0-8D11-00A0C91BC942}") = "Sample-Test1", "Sample-Test1\Sample-Test1.vcxproj", "{DE29636E-5445-494F-98A6-713C6D917731}"
EndProject
Global
	GlobalSection(SolutionConfigurationPlatforms) = preSolution
		Debug|x64 = Debug|x64
		Debug|x86 = Debug|x86
		Release|x64 = Release|x64
		Release|x86 = Release|x86
	EndGlobalSection
	GlobalSection(ProjectConfigurationPlatforms) = postSolution
		{9CBB68A5-54BE-4C4F-A582-185FDD22F2AE}.Debug|x64.ActiveCfg = Debug|x64
		{9CBB68A5-54BE-4C4F-A582-185FDD22F2AE}.Debug|x64.Build.0 = Debug|x64
		{9CBB68A5-54BE-4C4F-A582-185FDD22F2AE}.Debug|x86.ActiveCfg = Debug|Win32
		{9CBB68A5-54BE-4C4F-A582-185FDD22F2AE}.Debug|x86.Build.0 = Debug|Win32
		{9CBB68A5-54BE-4C4F-A582-185FDD22F2AE}.Release|x64.ActiveCfg = Release|x64
		{9CBB68A5-54BE-4C4F-A582-185FDD22F2AE}.Release|x64.Build.0 = Release|x64
		{9CBB68A5-54BE-4C4F-A582-185FDD22F2AE}.Release|x86.ActiveCfg = Release|Win32
		{9CBB68A5-54BE-4C4F-A582-185FDD22F2AE}.Release|x86.Build.0 = Release|Win32
		{DE29636E-5445-494F-98A6-713C6D917731}.Debug|x64.ActiveCfg = Debug|x64
		{DE29636E-5445-494F-98A6-713C6D917731}.Debug|x64.Build.0 = Debug|x64
		{DE29636E-5445-494F-98A6-713C6D917731}.Debug|x86.ActiveCfg = Debug|Win32
		{DE29636E-5445-494F-98A6-713C6D917731}.Debug|x86.Build.0 = Debug|Win32
		{DE29636E-5445-494F-98A6-713C6D917731}.Release|x64.ActiveCfg = Release|x64
		{DE29636E-5445-494F-98A6-713C6D917731}.Release|x64.Build.0 = Release|x64
		{DE29636E-5445-494F-98A6-713C6D917731}.Release|x86.ActiveCfg = Release|Win32
		{DE29636E-5445-494F-98A6-713C6D917731}.Release|x86.Build.0 = Release|Win32
	EndGlobalSection
	GlobalSection(SolutionProperties) = preSolution
		HideSolutionNode = FALSE
	EndGlobalSection
	GlobalSection(ExtensibilityGlobals) = postSolution
		SolutionGuid = {6D687247-E5B4-451E-890D-CCE8752DC325}
	EndGlobalSection
EndGlobal
